
Microsoft Visual Studio Solution File, Format Version 12.00
# Visual Studio Version 16
VisualStudioVersion = 16.0.31911.196
MinimumVisualStudioVersion = 10.0.40219.1
Project("{FAE04EC0-301F-11D3-BF4B-00C04F79EFBC}") = "GAConsoleApp", "GAConsoleApp.csproj", "{3AA15BBD-3196-436E-A704-585BAA4B048A}"
EndProject
Global
	GlobalSection(SolutionConfigurationPlatforms) = preSolution
		Debug|Any CPU = Debug|Any CPU
		Release|Any CPU = Release|Any CPU
	EndGlobalSection
	GlobalSection(ProjectConfigurationPlatforms) = postSolution
		{3AA15BBD-3196-436E-A704-585BAA4B048A}.Debug|Any CPU.ActiveCfg = Debug|Any CPU
		{3AA15BBD-3196-436E-A704-585BAA4B048A}.Debug|Any CPU.Build.0 = Debug|Any CPU
		{3AA15BBD-3196-436E-A704-585BAA4B048A}.Release|Any CPU.ActiveCfg = Release|Any CPU
		{3AA15BBD-3196-436E-A704-585BAA4B048A}.Release|Any CPU.Build.0 = Release|Any CPU
	EndGlobalSection
	GlobalSection(SolutionProperties) = preSolution
		HideSolutionNode = FALSE
	EndGlobalSection
	GlobalSection(ExtensibilityGlobals) = postSolution
		SolutionGuid = {7FA4985C-8D62-4E4C-A1B8-AA2DE080847F}
	EndGlobalSection
EndGlobal
